
Microsoft Visual Studio Solution File, Format Version 9.00
# Visual C++ Express 2005
Project("{8BC9CEB9-8B4A-11D0-8D11-00A0C91BC942}") = "Projeto_MTP.exe", "Projeto_MTP.exe", "{629BD750-A07D-4B86-A519-0D8DC21DCDA4}"
EndProject
Global
	GlobalSection(SolutionConfigurationPlatforms) = preSolution
		Debug|Default = Debug|Default
	EndGlobalSection
	GlobalSection(ProjectConfigurationPlatforms) = postSolution
		{629BD750-A07D-4B86-A519-0D8DC21DCDA4}.Debug|Default.ActiveCfg = Debug
	EndGlobalSection
	GlobalSection(SolutionProperties) = preSolution
		HideSolutionNode = FALSE
	EndGlobalSection
EndGlobal
